
Microsoft Visual Studio Solution File, Format Version 11.00
# Visual Studio 2010
Project("{888888A0-9F3D-457C-B088-3A5042F75D52}") = "squirrel", "squirrel.pyproj", "{283E5277-61DE-4F79-8BB9-C5CBA40BB072}"
EndProject
Global
	GlobalSection(SolutionConfigurationPlatforms) = preSolution
		Debug|Any CPU = Debug|Any CPU
		Release|Any CPU = Release|Any CPU
	EndGlobalSection
	GlobalSection(ProjectConfigurationPlatforms) = postSolution
		{283E5277-61DE-4F79-8BB9-C5CBA40BB072}.Debug|Any CPU.ActiveCfg = Debug|Any CPU
		{283E5277-61DE-4F79-8BB9-C5CBA40BB072}.Release|Any CPU.ActiveCfg = Release|Any CPU
	EndGlobalSection
	GlobalSection(SolutionProperties) = preSolution
		HideSolutionNode = FALSE
	EndGlobalSection
EndGlobal
